// !$*UTF8*$!
{
	archiveVersion = 1;
	classes = {
	};
	objectVersion = 46;
	objects = {

/* Begin PBXBuildFile section */
		1F8F9BFF1B2B2D3600E68195 /* main.m in Sources */ = {isa = PBXBuildFile; fileRef = 1F8F9BFE1B2B2D3600E68195 /* main.m */; };
		1F8F9C021B2B2D3600E68195 /* AppDelegate.m in Sources */ = {isa = PBXBuildFile; fileRef = 1F8F9C011B2B2D3600E68195 /* AppDelegate.m */; };
		1F8F9C051B2B2D3600E68195 /* IDoneGoofed.xcdatamodeld in Sources */ = {isa = PBXBuildFile; fileRef = 1F8F9C031B2B2D3600E68195 /* IDoneGoofed.xcdatamodeld */; };
		1F8F9C081B2B2D3600E68195 /* ViewController.m in Sources */ = {isa = PBXBuildFile; fileRef = 1F8F9C071B2B2D3600E68195 /* ViewController.m */; };
		1F8F9C0B1B2B2D3600E68195 /* Main.storyboard in Resources */ = {isa = PBXBuildFile; fileRef = 1F8F9C091B2B2D3600E68195 /* Main.storyboard */; };
		1F8F9C0D1B2B2D3600E68195 /* Images.xcassets in Resources */ = {isa = PBXBuildFile; fileRef = 1F8F9C0C1B2B2D3600E68195 /* Images.xcassets */; };
		1F8F9C101B2B2D3600E68195 /* LaunchScreen.xib in Resources */ = {isa = PBXBuildFile; fileRef = 1F8F9C0E1B2B2D3600E68195 /* LaunchScreen.xib */; };
		1F8F9C1C1B2B2D3600E68195 /* IDoneGoofedTests.m in Sources */ = {isa = PBXBuildFile; fileRef = 1F8F9C1B1B2B2D3600E68195 /* IDoneGoofedTests.m */; };
		1F8F9C281B2B2D6400E68195 /* infoViewController.m in Sources */ = {isa = PBXBuildFile; fileRef = 1F8F9C261B2B2D6400E68195 /* infoViewController.m */; };
		1F8F9C291B2B2D6400E68195 /* infoViewController.xib in Resources */ = {isa = PBXBuildFile; fileRef = 1F8F9C271B2B2D6400E68195 /* infoViewController.xib */; };
		1F8F9C2B1B2B32C400E68195 /* Foundation.framework in Frameworks */ = {isa = PBXBuildFile; fileRef = 1F8F9C2A1B2B32C400E68195 /* Foundation.framework */; };
		1F8F9C2D1B2B32C900E68195 /* UIKit.framework in Frameworks */ = {isa = PBXBuildFile; fileRef = 1F8F9C2C1B2B32C900E68195 /* UIKit.framework */; };
		1F8F9C2F1B2B32D600E68195 /* CoreGraphics.framework in Frameworks */ = {isa = PBXBuildFile; fileRef = 1F8F9C2E1B2B32D600E68195 /* CoreGraphics.framework */; };
		1F8F9C311B2B32E000E68195 /* SystemConfiguration.framework in Frameworks */ = {isa = PBXBuildFile; fileRef = 1F8F9C301B2B32E000E68195 /* SystemConfiguration.framework */; };
		1F8F9C351B2B330F00E68195 /* EstimoteSDK.framework in Frameworks */ = {isa = PBXBuildFile; fileRef = 1F8F9C341B2B330F00E68195 /* EstimoteSDK.framework */; };
/* End PBXBuildFile section */

/* Begin PBXContainerItemProxy section */
		1F8F9C161B2B2D3600E68195 /* PBXContainerItemProxy */ = {
			isa = PBXContainerItemProxy;
			containerPortal = 1F8F9BF11B2B2D3600E68195 /* Project object */;
			proxyType = 1;
			remoteGlobalIDString = 1F8F9BF81B2B2D3600E68195;
			remoteInfo = IDoneGoofed;
		};
/* End PBXContainerItemProxy section */

/* Begin PBXFileReference section */
		1F8F9BF91B2B2D3600E68195 /* IDoneGoofed.app */ = {isa = PBXFileReference; explicitFileType = wrapper.application; includeInIndex = 0; path = IDoneGoofed.app; sourceTree = BUILT_PRODUCTS_DIR; };
		1F8F9BFD1B2B2D3600E68195 /* Info.plist */ = {isa = PBXFileReference; lastKnownFileType = text.plist.xml; path = Info.plist; sourceTree = "<group>"; };
		1F8F9BFE1B2B2D3600E68195 /* main.m */ = {isa = PBXFileReference; lastKnownFileType = sourcecode.c.objc; path = main.m; sourceTree = "<group>"; };
		1F8F9C001B2B2D3600E68195 /* AppDelegate.h */ = {isa = PBXFileReference; lastKnownFileType = sourcecode.c.h; path = AppDelegate.h; sourceTree = "<group>"; };
		1F8F9C011B2B2D3600E68195 /* AppDelegate.m */ = {isa = PBXFileReference; lastKnownFileType = sourcecode.c.objc; path = AppDelegate.m; sourceTree = "<group>"; };
		1F8F9C041B2B2D3600E68195 /* IDoneGoofed.xcdatamodel */ = {isa = PBXFileReference; lastKnownFileType = wrapper.xcdatamodel; path = IDoneGoofed.xcdatamodel; sourceTree = "<group>"; };
		1F8F9C061B2B2D3600E68195 /* ViewController.h */ = {isa = PBXFileReference; lastKnownFileType = sourcecode.c.h; path = ViewController.h; sourceTree = "<group>"; };
		1F8F9C071B2B2D3600E68195 /* ViewController.m */ = {isa = PBXFileReference; lastKnownFileType = sourcecode.c.objc; path = ViewController.m; sourceTree = "<group>"; };
		1F8F9C0A1B2B2D3600E68195 /* Base */ = {isa = PBXFileReference; lastKnownFileType = file.storyboard; name = Base; path = Base.lproj/Main.storyboard; sourceTree = "<group>"; };
		1F8F9C0C1B2B2D3600E68195 /* Images.xcassets */ = {isa = PBXFileReference; lastKnownFileType = folder.assetcatalog; path = Images.xcassets; sourceTree = "<group>"; };
		1F8F9C0F1B2B2D3600E68195 /* Base */ = {isa = PBXFileReference; lastKnownFileType = file.xib; name = Base; path = Base.lproj/LaunchScreen.xib; sourceTree = "<group>"; };
		1F8F9C151B2B2D3600E68195 /* IDoneGoofedTests.xctest */ = {isa = PBXFileReference; explicitFileType = wrapper.cfbundle; includeInIndex = 0; path = IDoneGoofedTests.xctest; sourceTree = BUILT_PRODUCTS_DIR; };
		1F8F9C1A1B2B2D3600E68195 /* Info.plist */ = {isa = PBXFileReference; lastKnownFileType = text.plist.xml; path = Info.plist; sourceTree = "<group>"; };
		1F8F9C1B1B2B2D3600E68195 /* IDoneGoofedTests.m */ = {isa = PBXFileReference; lastKnownFileType = sourcecode.c.objc; path = IDoneGoofedTests.m; sourceTree = "<group>"; };
		1F8F9C251B2B2D6400E68195 /* infoViewController.h */ = {isa = PBXFileReference; fileEncoding = 4; lastKnownFileType = sourcecode.c.h; path = infoViewController.h; sourceTree = "<group>"; };
		1F8F9C261B2B2D6400E68195 /* infoViewController.m */ = {isa = PBXFileReference; fileEncoding = 4; lastKnownFileType = sourcecode.c.objc; path = infoViewController.m; sourceTree = "<group>"; };
		1F8F9C271B2B2D6400E68195 /* infoViewController.xib */ = {isa = PBXFileReference; fileEncoding = 4; lastKnownFileType = file.xib; path = infoViewController.xib; sourceTree = "<group>"; };
		1F8F9C2A1B2B32C400E68195 /* Foundation.framework */ = {isa = PBXFileReference; lastKnownFileType = wrapper.framework; name = Foundation.framework; path = System/Library/Frameworks/Foundation.framework; sourceTree = SDKROOT; };
		1F8F9C2C1B2B32C900E68195 /* UIKit.framework */ = {isa = PBXFileReference; lastKnownFileType = wrapper.framework; name = UIKit.framework; path = System/Library/Frameworks/UIKit.framework; sourceTree = SDKROOT; };
		1F8F9C2E1B2B32D600E68195 /* CoreGraphics.framework */ = {isa = PBXFileReference; lastKnownFileType = wrapper.framework; name = CoreGraphics.framework; path = System/Library/Frameworks/CoreGraphics.framework; sourceTree = SDKROOT; };
		1F8F9C301B2B32E000E68195 /* SystemConfiguration.framework */ = {isa = PBXFileReference; lastKnownFileType = wrapper.framework; name = SystemConfiguration.framework; path = System/Library/Frameworks/SystemConfiguration.framework; sourceTree = SDKROOT; };
		1F8F9C341B2B330F00E68195 /* EstimoteSDK.framework */ = {isa = PBXFileReference; lastKnownFileType = wrapper.framework; name = EstimoteSDK.framework; path = ../EstimoteSDK.framework; sourceTree = "<group>"; };
		1F8F9C361B31410500E68195 /* Default-568h@2x.png */ = {isa = PBXFileReference; lastKnownFileType = image.png; path = "Default-568h@2x.png"; sourceTree = "<group>"; };
/* End PBXFileReference section */

/* Begin PBXFrameworksBuildPhase section */
		1F8F9BF61B2B2D3600E68195 /* Frameworks */ = {
			isa = PBXFrameworksBuildPhase;
			buildActionMask = 2147483647;
			files = (
				1F8F9C311B2B32E000E68195 /* SystemConfiguration.framework in Frameworks */,
				1F8F9C351B2B330F00E68195 /* EstimoteSDK.framework in Frameworks */,
				1F8F9C2F1B2B32D600E68195 /* CoreGraphics.framework in Frameworks */,
				1F8F9C2D1B2B32C900E68195 /* UIKit.framework in Frameworks */,
				1F8F9C2B1B2B32C400E68195 /* Foundation.framework in Frameworks */,
			);
			runOnlyForDeploymentPostprocessing = 0;
		};
		1F8F9C121B2B2D3600E68195 /* Frameworks */ = {
			isa = PBXFrameworksBuildPhase;
			buildActionMask = 2147483647;
			files = (
			);
			runOnlyForDeploymentPostprocessing = 0;
		};
/* End PBXFrameworksBuildPhase section */

/* Begin PBXGroup section */
		1F8F9BF01B2B2D3600E68195 = {
			isa = PBXGroup;
			children = (
				1F8F9C361B31410500E68195 /* Default-568h@2x.png */,
				1F8F9BFB1B2B2D3600E68195 /* IDoneGoofed */,
				1F8F9C181B2B2D3600E68195 /* IDoneGoofedTests */,
				1F8F9BFA1B2B2D3600E68195 /* Products */,
			);
			sourceTree = "<group>";
		};
		1F8F9BFA1B2B2D3600E68195 /* Products */ = {
			isa = PBXGroup;
			children = (
				1F8F9BF91B2B2D3600E68195 /* IDoneGoofed.app */,
				1F8F9C151B2B2D3600E68195 /* IDoneGoofedTests.xctest */,
			);
			name = Products;
			sourceTree = "<group>";
		};
		1F8F9BFB1B2B2D3600E68195 /* IDoneGoofed */ = {
			isa = PBXGroup;
			children = (
				1F8F9C001B2B2D3600E68195 /* AppDelegate.h */,
				1F8F9C011B2B2D3600E68195 /* AppDelegate.m */,
				1F8F9C061B2B2D3600E68195 /* ViewController.h */,
				1F8F9C071B2B2D3600E68195 /* ViewController.m */,
				1F8F9C091B2B2D3600E68195 /* Main.storyboard */,
				1F8F9C0C1B2B2D3600E68195 /* Images.xcassets */,
				1F8F9C0E1B2B2D3600E68195 /* LaunchScreen.xib */,
				1F8F9C031B2B2D3600E68195 /* IDoneGoofed.xcdatamodeld */,
				1F8F9BFC1B2B2D3600E68195 /* Supporting Files */,
				1F8F9C251B2B2D6400E68195 /* infoViewController.h */,
				1F8F9C261B2B2D6400E68195 /* infoViewController.m */,
				1F8F9C271B2B2D6400E68195 /* infoViewController.xib */,
			);
			path = IDoneGoofed;
			sourceTree = "<group>";
		};
		1F8F9BFC1B2B2D3600E68195 /* Supporting Files */ = {
			isa = PBXGroup;
			children = (
				1F8F9C341B2B330F00E68195 /* EstimoteSDK.framework */,
				1F8F9C301B2B32E000E68195 /* SystemConfiguration.framework */,
				1F8F9C2E1B2B32D600E68195 /* CoreGraphics.framework */,
				1F8F9C2C1B2B32C900E68195 /* UIKit.framework */,
				1F8F9C2A1B2B32C400E68195 /* Foundation.framework */,
				1F8F9BFD1B2B2D3600E68195 /* Info.plist */,
				1F8F9BFE1B2B2D3600E68195 /* main.m */,
			);
			name = "Supporting Files";
			sourceTree = "<group>";
		};
		1F8F9C181B2B2D3600E68195 /* IDoneGoofedTests */ = {
			isa = PBXGroup;
			children = (
				1F8F9C1B1B2B2D3600E68195 /* IDoneGoofedTests.m */,
				1F8F9C191B2B2D3600E68195 /* Supporting Files */,
			);
			path = IDoneGoofedTests;
			sourceTree = "<group>";
		};
		1F8F9C191B2B2D3600E68195 /* Supporting Files */ = {
			isa = PBXGroup;
			children = (
				1F8F9C1A1B2B2D3600E68195 /* Info.plist */,
			);
			name = "Supporting Files";
			sourceTree = "<group>";
		};
/* End PBXGroup section */

/* Begin PBXNativeTarget section */
		1F8F9BF81B2B2D3600E68195 /* IDoneGoofed */ = {
			isa = PBXNativeTarget;
			buildConfigurationList = 1F8F9C1F1B2B2D3600E68195 /* Build configuration list for PBXNativeTarget "IDoneGoofed" */;
			buildPhases = (
				1F8F9BF51B2B2D3600E68195 /* Sources */,
				1F8F9BF61B2B2D3600E68195 /* Frameworks */,
				1F8F9BF71B2B2D3600E68195 /* Resources */,
			);
			buildRules = (
			);
			dependencies = (
			);
			name = IDoneGoofed;
			productName = IDoneGoofed;
			productReference = 1F8F9BF91B2B2D3600E68195 /* IDoneGoofed.app */;
			productType = "com.apple.product-type.application";
		};
		1F8F9C141B2B2D3600E68195 /* IDoneGoofedTests */ = {
			isa = PBXNativeTarget;
			buildConfigurationList = 1F8F9C221B2B2D3600E68195 /* Build configuration list for PBXNativeTarget "IDoneGoofedTests" */;
			buildPhases = (
				1F8F9C111B2B2D3600E68195 /* Sources */,
				1F8F9C121B2B2D3600E68195 /* Frameworks */,
				1F8F9C131B2B2D3600E68195 /* Resources */,
			);
			buildRules = (
			);
			dependencies = (
				1F8F9C171B2B2D3600E68195 /* PBXTargetDependency */,
			);
			name = IDoneGoofedTests;
			productName = IDoneGoofedTests;
			productReference = 1F8F9C151B2B2D3600E68195 /* IDoneGoofedTests.xctest */;
			productType = "com.apple.product-type.bundle.unit-test";
		};
/* End PBXNativeTarget section */

/* Begin PBXProject section */
		1F8F9BF11B2B2D3600E68195 /* Project object */ = {
			isa = PBXProject;
			attributes = {
				LastUpgradeCheck = 0630;
				ORGANIZATIONNAME = AbbSommar;
				TargetAttributes = {
					1F8F9BF81B2B2D3600E68195 = {
						CreatedOnToolsVersion = 6.3.2;
					};
					1F8F9C141B2B2D3600E68195 = {
						CreatedOnToolsVersion = 6.3.2;
						TestTargetID = 1F8F9BF81B2B2D3600E68195;
					};
				};
			};
			buildConfigurationList = 1F8F9BF41B2B2D3600E68195 /* Build configuration list for PBXProject "IDoneGoofed" */;
			compatibilityVersion = "Xcode 3.2";
			developmentRegion = English;
			hasScannedForEncodings = 0;
			knownRegions = (
				en,
				Base,
			);
			mainGroup = 1F8F9BF01B2B2D3600E68195;
			productRefGroup = 1F8F9BFA1B2B2D3600E68195 /* Products */;
			projectDirPath = "";
			projectRoot = "";
			targets = (
				1F8F9BF81B2B2D3600E68195 /* IDoneGoofed */,
				1F8F9C141B2B2D3600E68195 /* IDoneGoofedTests */,
			);
		};
/* End PBXProject section */

/* Begin PBXResourcesBuildPhase section */
		1F8F9BF71B2B2D3600E68195 /* Resources */ = {
			isa = PBXResourcesBuildPhase;
			buildActionMask = 2147483647;
			files = (
				1F8F9C0B1B2B2D3600E68195 /* Main.storyboard in Resources */,
				1F8F9C101B2B2D3600E68195 /* LaunchScreen.xib in Resources */,
				1F8F9C291B2B2D6400E68195 /* infoViewController.xib in Resources */,
				1F8F9C0D1B2B2D3600E68195 /* Images.xcassets in Resources */,
			);
			runOnlyForDeploymentPostprocessing = 0;
		};
		1F8F9C131B2B2D3600E68195 /* Resources */ = {
			isa = PBXResourcesBuildPhase;
			buildActionMask = 2147483647;
			files = (
			);
			runOnlyForDeploymentPostprocessing = 0;
		};
/* End PBXResourcesBuildPhase section */

/* Begin PBXSourcesBuildPhase section */
		1F8F9BF51B2B2D3600E68195 /* Sources */ = {
			isa = PBXSourcesBuildPhase;
			buildActionMask = 2147483647;
			files = (
				1F8F9C021B2B2D3600E68195 /* AppDelegate.m in Sources */,
				1F8F9C051B2B2D3600E68195 /* IDoneGoofed.xcdatamodeld in Sources */,
				1F8F9C081B2B2D3600E68195 /* ViewController.m in Sources */,
				1F8F9C281B2B2D6400E68195 /* infoViewController.m in Sources */,
				1F8F9BFF1B2B2D3600E68195 /* main.m in Sources */,
			);
			runOnlyForDeploymentPostprocessing = 0;
		};
		1F8F9C111B2B2D3600E68195 /* Sources */ = {
			isa = PBXSourcesBuildPhase;
			buildActionMask = 2147483647;
			files = (
				1F8F9C1C1B2B2D3600E68195 /* IDoneGoofedTests.m in Sources */,
			);
			runOnlyForDeploymentPostprocessing = 0;
		};
/* End PBXSourcesBuildPhase section */

/* Begin PBXTargetDependency section */
		1F8F9C171B2B2D3600E68195 /* PBXTargetDependency */ = {
			isa = PBXTargetDependency;
			target = 1F8F9BF81B2B2D3600E68195 /* IDoneGoofed */;
			targetProxy = 1F8F9C161B2B2D3600E68195 /* PBXContainerItemProxy */;
		};
/* End PBXTargetDependency section */

/* Begin PBXVariantGroup section */
		1F8F9C091B2B2D3600E68195 /* Main.storyboard */ = {
			isa = PBXVariantGroup;
			children = (
				1F8F9C0A1B2B2D3600E68195 /* Base */,
			);
			name = Main.storyboard;
			sourceTree = "<group>";
		};
		1F8F9C0E1B2B2D3600E68195 /* LaunchScreen.xib */ = {
			isa = PBXVariantGroup;
			children = (
				1F8F9C0F1B2B2D3600E68195 /* Base */,
			);
			name = LaunchScreen.xib;
			sourceTree = "<group>";
		};
/* End PBXVariantGroup section */

/* Begin XCBuildConfiguration section */
		1F8F9C1D1B2B2D3600E68195 /* Debug */ = {
			isa = XCBuildConfiguration;
			buildSettings = {
				ALWAYS_SEARCH_USER_PATHS = NO;
				CLANG_CXX_LANGUAGE_STANDARD = "gnu++0x";
				CLANG_CXX_LIBRARY = "libc++";
				CLANG_ENABLE_MODULES = YES;
				CLANG_ENABLE_OBJC_ARC = YES;
				CLANG_WARN_BOOL_CONVERSION = YES;
				CLANG_WARN_CONSTANT_CONVERSION = YES;
				CLANG_WARN_DIRECT_OBJC_ISA_USAGE = YES_ERROR;
				CLANG_WARN_EMPTY_BODY = YES;
				CLANG_WARN_ENUM_CONVERSION = YES;
				CLANG_WARN_INT_CONVERSION = YES;
				CLANG_WARN_OBJC_ROOT_CLASS = YES_ERROR;
				CLANG_WARN_UNREACHABLE_CODE = YES;
				CLANG_WARN__DUPLICATE_METHOD_MATCH = YES;
				"CODE_SIGN_IDENTITY[sdk=iphoneos*]" = "iPhone Developer";
				COPY_PHASE_STRIP = NO;
				DEBUG_INFORMATION_FORMAT = "dwarf-with-dsym";
				ENABLE_STRICT_OBJC_MSGSEND = YES;
				GCC_C_LANGUAGE_STANDARD = gnu99;
				GCC_DYNAMIC_NO_PIC = NO;
				GCC_NO_COMMON_BLOCKS = YES;
				GCC_OPTIMIZATION_LEVEL = 0;
				GCC_PREPROCESSOR_DEFINITIONS = (
					"DEBUG=1",
					"$(inherited)",
				);
				GCC_SYMBOLS_PRIVATE_EXTERN = NO;
				GCC_WARN_64_TO_32_BIT_CONVERSION = YES;
				GCC_WARN_ABOUT_RETURN_TYPE = YES_ERROR;
				GCC_WARN_UNDECLARED_SELECTOR = YES;
				GCC_WARN_UNINITIALIZED_AUTOS = YES_AGGRESSIVE;
				GCC_WARN_UNUSED_FUNCTION = YES;
				GCC_WARN_UNUSED_VARIABLE = YES;
				IPHONEOS_DEPLOYMENT_TARGET = 8.3;
				MTL_ENABLE_DEBUG_INFO = YES;
				ONLY_ACTIVE_ARCH = YES;
				SDKROOT = iphoneos;
			};
			name = Debug;
		};
		1F8F9C1E1B2B2D3600E68195 /* Release */ = {
			isa = XCBuildConfiguration;
			buildSettings = {
				ALWAYS_SEARCH_USER_PATHS = NO;
				CLANG_CXX_LANGUAGE_STANDARD = "gnu++0x";
				CLANG_CXX_LIBRARY = "libc++";
				CLANG_ENABLE_MODULES = YES;
				CLANG_ENABLE_OBJC_ARC = YES;
				CLANG_WARN_BOOL_CONVERSION = YES;
				CLANG_WARN_CONSTANT_CONVERSION = YES;
				CLANG_WARN_DIRECT_OBJC_ISA_USAGE = YES_ERROR;
				CLANG_WARN_EMPTY_BODY = YES;
				CLANG_WARN_ENUM_CONVERSION = YES;
				CLANG_WARN_INT_CONVERSION = YES;
				CLANG_WARN_OBJC_ROOT_CLASS = YES_ERROR;
				CLANG_WARN_UNREACHABLE_CODE = YES;
				CLANG_WARN__DUPLICATE_METHOD_MATCH = YES;
				"CODE_SIGN_IDENTITY[sdk=iphoneos*]" = "iPhone Developer";
				COPY_PHASE_STRIP = NO;
				DEBUG_INFORMATION_FORMAT = "dwarf-with-dsym";
				ENABLE_NS_ASSERTIONS = NO;
				ENABLE_STRICT_OBJC_MSGSEND = YES;
				GCC_C_LANGUAGE_STANDARD = gnu99;
				GCC_NO_COMMON_BLOCKS = YES;
				GCC_WARN_64_TO_32_BIT_CONVERSION = YES;
				GCC_WARN_ABOUT_RETURN_TYPE = YES_ERROR;
				GCC_WARN_UNDECLARED_SELECTOR = YES;
				GCC_WARN_UNINITIALIZED_AUTOS = YES_AGGRESSIVE;
				GCC_WARN_UNUSED_FUNCTION = YES;
				GCC_WARN_UNUSED_VARIABLE = YES;
				IPHONEOS_DEPLOYMENT_TARGET = 8.3;
				MTL_ENABLE_DEBUG_INFO = NO;
				SDKROOT = iphoneos;
				VALIDATE_PRODUCT = YES;
			};
			name = Release;
		};
		1F8F9C201B2B2D3600E68195 /* Debug */ = {
			isa = XCBuildConfiguration;
			buildSettings = {
				ASSETCATALOG_COMPILER_APPICON_NAME = AppIcon;
				FRAMEWORK_SEARCH_PATHS = (
					"$(inherited)",
					"$(PROJECT_DIR)",
				);
				INFOPLIST_FILE = IDoneGoofed/Info.plist;
				LD_RUNPATH_SEARCH_PATHS = "$(inherited) @executable_path/Frameworks";
				PRODUCT_NAME = "$(TARGET_NAME)";
			};
			name = Debug;
		};
		1F8F9C211B2B2D3600E68195 /* Release */ = {
			isa = XCBuildConfiguration;
			buildSettings = {
				ASSETCATALOG_COMPILER_APPICON_NAME = AppIcon;
				FRAMEWORK_SEARCH_PATHS = (
					"$(inherited)",
					"$(PROJECT_DIR)",
				);
				INFOPLIST_FILE = IDoneGoofed/Info.plist;
				LD_RUNPATH_SEARCH_PATHS = "$(inherited) @executable_path/Frameworks";
				PRODUCT_NAME = "$(TARGET_NAME)";
			};
			name = Release;
		};
		1F8F9C231B2B2D3600E68195 /* Debug */ = {
			isa = XCBuildConfiguration;
			buildSettings = {
				BUNDLE_LOADER = "$(TEST_HOST)";
				FRAMEWORK_SEARCH_PATHS = (
					"$(SDKROOT)/Developer/Library/Frameworks",
					"$(inherited)",
				);
				GCC_PREPROCESSOR_DEFINITIONS = (
					"DEBUG=1",
					"$(inherited)",
				);
				INFOPLIST_FILE = IDoneGoofedTests/Info.plist;
				LD_RUNPATH_SEARCH_PATHS = "$(inherited) @executable_path/Frameworks @loader_path/Frameworks";
				PRODUCT_NAME = "$(TARGET_NAME)";
				TEST_HOST = "$(BUILT_PRODUCTS_DIR)/IDoneGoofed.app/IDoneGoofed";
			};
			name = Debug;
		};
		1F8F9C241B2B2D3600E68195 /* Release */ = {
			isa = XCBuildConfiguration;
			buildSettings = {
				BUNDLE_LOADER = "$(TEST_HOST)";
				FRAMEWORK_SEARCH_PATHS = (
					"$(SDKROOT)/Developer/Library/Frameworks",
					"$(inherited)",
				);
				INFOPLIST_FILE = IDoneGoofedTests/Info.plist;
				LD_RUNPATH_SEARCH_PATHS = "$(inherited) @executable_path/Frameworks @loader_path/Frameworks";
				PRODUCT_NAME = "$(TARGET_NAME)";
				TEST_HOST = "$(BUILT_PRODUCTS_DIR)/IDoneGoofed.app/IDoneGoofed";
			};
			name = Release;
		};
/* End XCBuildConfiguration section */

/* Begin XCConfigurationList section */
		1F8F9BF41B2B2D3600E68195 /* Build configuration list for PBXProject "IDoneGoofed" */ = {
			isa = XCConfigurationList;
			buildConfigurations = (
				1F8F9C1D1B2B2D3600E68195 /* Debug */,
				1F8F9C1E1B2B2D3600E68195 /* Release */,
			);
			defaultConfigurationIsVisible = 0;
			defaultConfigurationName = Release;
		};
		1F8F9C1F1B2B2D3600E68195 /* Build configuration list for PBXNativeTarget "IDoneGoofed" */ = {
			isa = XCConfigurationList;
			buildConfigurations = (
				1F8F9C201B2B2D3600E68195 /* Debug */,
				1F8F9C211B2B2D3600E68195 /* Release */,
			);
			defaultConfigurationIsVisible = 0;
		};
		1F8F9C221B2B2D3600E68195 /* Build configuration list for PBXNativeTarget "IDoneGoofedTests" */ = {
			isa = XCConfigurationList;
			buildConfigurations = (
				1F8F9C231B2B2D3600E68195 /* Debug */,
				1F8F9C241B2B2D3600E68195 /* Release */,
			);
			defaultConfigurationIsVisible = 0;
		};
/* End XCConfigurationList section */

/* Begin XCVersionGroup section */
		1F8F9C031B2B2D3600E68195 /* IDoneGoofed.xcdatamodeld */ = {
			isa = XCVersionGroup;
			children = (
				1F8F9C041B2B2D3600E68195 /* IDoneGoofed.xcdatamodel */,
			);
			currentVersion = 1F8F9C041B2B2D3600E68195 /* IDoneGoofed.xcdatamodel */;
			path = IDoneGoofed.xcdatamodeld;
			sourceTree = "<group>";
			versionGroupType = wrapper.xcdatamodel;
		};
/* End XCVersionGroup section */
	};
	rootObject = 1F8F9BF11B2B2D3600E68195 /* Project object */;
}
